// !$*UTF8*$!
{
	archiveVersion = 1;
	classes = {
	};
	objectVersion = 50;
	objects = {

/* Begin PBXBuildFile section */
		490A5BD52680EB2A00AB0430 /* viewControllerEditarPerfil.swift in Sources */ = {isa = PBXBuildFile; fileRef = 490A5BD42680EB2A00AB0430 /* viewControllerEditarPerfil.swift */; };
		49B4FB002680084600E63522 /* AppDelegate.swift in Sources */ = {isa = PBXBuildFile; fileRef = 49B4FAFF2680084600E63522 /* AppDelegate.swift */; };
		49B4FB022680084600E63522 /* SceneDelegate.swift in Sources */ = {isa = PBXBuildFile; fileRef = 49B4FB012680084600E63522 /* SceneDelegate.swift */; };
		49B4FB042680084600E63522 /* ViewController.swift in Sources */ = {isa = PBXBuildFile; fileRef = 49B4FB032680084600E63522 /* ViewController.swift */; };
		49B4FB072680084600E63522 /* Main.storyboard in Resources */ = {isa = PBXBuildFile; fileRef = 49B4FB052680084600E63522 /* Main.storyboard */; };
		49B4FB0A2680084600E63522 /* JSONRESTful.xcdatamodeld in Sources */ = {isa = PBXBuildFile; fileRef = 49B4FB082680084600E63522 /* JSONRESTful.xcdatamodeld */; };
		49B4FB0C2680084F00E63522 /* Assets.xcassets in Resources */ = {isa = PBXBuildFile; fileRef = 49B4FB0B2680084F00E63522 /* Assets.xcassets */; };
		49B4FB0F2680084F00E63522 /* LaunchScreen.storyboard in Resources */ = {isa = PBXBuildFile; fileRef = 49B4FB0D2680084F00E63522 /* LaunchScreen.storyboard */; };
		49B4FB1726800A7C00E63522 /* Users.swift in Sources */ = {isa = PBXBuildFile; fileRef = 49B4FB1626800A7C00E63522 /* Users.swift */; };
		49B4FB1926801A6900E63522 /* viewControllerBuscar.swift in Sources */ = {isa = PBXBuildFile; fileRef = 49B4FB1826801A6900E63522 /* viewControllerBuscar.swift */; };
		49B4FB1B26801AE100E63522 /* Peliculas.swift in Sources */ = {isa = PBXBuildFile; fileRef = 49B4FB1A26801AE100E63522 /* Peliculas.swift */; };
		49B4FB1D2680256900E63522 /* viewControllerAgregar.swift in Sources */ = {isa = PBXBuildFile; fileRef = 49B4FB1C2680256900E63522 /* viewControllerAgregar.swift */; };
/* End PBXBuildFile section */

/* Begin PBXFileReference section */
		490A5BD42680EB2A00AB0430 /* viewControllerEditarPerfil.swift */ = {isa = PBXFileReference; lastKnownFileType = sourcecode.swift; path = viewControllerEditarPerfil.swift; sourceTree = "<group>"; };
		49B4FAFC2680084600E63522 /* JSONRESTful.app */ = {isa = PBXFileReference; explicitFileType = wrapper.application; includeInIndex = 0; path = JSONRESTful.app; sourceTree = BUILT_PRODUCTS_DIR; };
		49B4FAFF2680084600E63522 /* AppDelegate.swift */ = {isa = PBXFileReference; lastKnownFileType = sourcecode.swift; path = AppDelegate.swift; sourceTree = "<group>"; };
		49B4FB012680084600E63522 /* SceneDelegate.swift */ = {isa = PBXFileReference; lastKnownFileType = sourcecode.swift; path = SceneDelegate.swift; sourceTree = "<group>"; };
		49B4FB032680084600E63522 /* ViewController.swift */ = {isa = PBXFileReference; lastKnownFileType = sourcecode.swift; path = ViewController.swift; sourceTree = "<group>"; };
		49B4FB062680084600E63522 /* Base */ = {isa = PBXFileReference; lastKnownFileType = file.storyboard; name = Base; path = Base.lproj/Main.storyboard; sourceTree = "<group>"; };
		49B4FB092680084600E63522 /* JSONRESTful.xcdatamodel */ = {isa = PBXFileReference; lastKnownFileType = wrapper.xcdatamodel; path = JSONRESTful.xcdatamodel; sourceTree = "<group>"; };
		49B4FB0B2680084F00E63522 /* Assets.xcassets */ = {isa = PBXFileReference; lastKnownFileType = folder.assetcatalog; path = Assets.xcassets; sourceTree = "<group>"; };
		49B4FB0E2680084F00E63522 /* Base */ = {isa = PBXFileReference; lastKnownFileType = file.storyboard; name = Base; path = Base.lproj/LaunchScreen.storyboard; sourceTree = "<group>"; };
		49B4FB102680084F00E63522 /* Info.plist */ = {isa = PBXFileReference; lastKnownFileType = text.plist.xml; path = Info.plist; sourceTree = "<group>"; };
		49B4FB1626800A7C00E63522 /* Users.swift */ = {isa = PBXFileReference; lastKnownFileType = sourcecode.swift; path = Users.swift; sourceTree = "<group>"; };
		49B4FB1826801A6900E63522 /* viewControllerBuscar.swift */ = {isa = PBXFileReference; lastKnownFileType = sourcecode.swift; path = viewControllerBuscar.swift; sourceTree = "<group>"; };
		49B4FB1A26801AE100E63522 /* Peliculas.swift */ = {isa = PBXFileReference; lastKnownFileType = sourcecode.swift; path = Peliculas.swift; sourceTree = "<group>"; };
		49B4FB1C2680256900E63522 /* viewControllerAgregar.swift */ = {isa = PBXFileReference; lastKnownFileType = sourcecode.swift; path = viewControllerAgregar.swift; sourceTree = "<group>"; };
/* End PBXFileReference section */

/* Begin PBXFrameworksBuildPhase section */
		49B4FAF92680084600E63522 /* Frameworks */ = {
			isa = PBXFrameworksBuildPhase;
			buildActionMask = 2147483647;
			files = (
			);
			runOnlyForDeploymentPostprocessing = 0;
		};
/* End PBXFrameworksBuildPhase section */

/* Begin PBXGroup section */
		49B4FAF32680084600E63522 = {
			isa = PBXGroup;
			children = (
				49B4FAFE2680084600E63522 /* JSONRESTful */,
				49B4FAFD2680084600E63522 /* Products */,
			);
			sourceTree = "<group>";
		};
		49B4FAFD2680084600E63522 /* Products */ = {
			isa = PBXGroup;
			children = (
				49B4FAFC2680084600E63522 /* JSONRESTful.app */,
			);
			name = Products;
			sourceTree = "<group>";
		};
		49B4FAFE2680084600E63522 /* JSONRESTful */ = {
			isa = PBXGroup;
			children = (
				49B4FAFF2680084600E63522 /* AppDelegate.swift */,
				49B4FB012680084600E63522 /* SceneDelegate.swift */,
				49B4FB032680084600E63522 /* ViewController.swift */,
				49B4FB052680084600E63522 /* Main.storyboard */,
				49B4FB0B2680084F00E63522 /* Assets.xcassets */,
				49B4FB0D2680084F00E63522 /* LaunchScreen.storyboard */,
				49B4FB102680084F00E63522 /* Info.plist */,
				49B4FB082680084600E63522 /* JSONRESTful.xcdatamodeld */,
				49B4FB1626800A7C00E63522 /* Users.swift */,
				49B4FB1826801A6900E63522 /* viewControllerBuscar.swift */,
				49B4FB1A26801AE100E63522 /* Peliculas.swift */,
				49B4FB1C2680256900E63522 /* viewControllerAgregar.swift */,
				490A5BD42680EB2A00AB0430 /* viewControllerEditarPerfil.swift */,
			);
			path = JSONRESTful;
			sourceTree = "<group>";
		};
/* End PBXGroup section */

/* Begin PBXNativeTarget section */
		49B4FAFB2680084600E63522 /* JSONRESTful */ = {
			isa = PBXNativeTarget;
			buildConfigurationList = 49B4FB132680084F00E63522 /* Build configuration list for PBXNativeTarget "JSONRESTful" */;
			buildPhases = (
				49B4FAF82680084600E63522 /* Sources */,
				49B4FAF92680084600E63522 /* Frameworks */,
				49B4FAFA2680084600E63522 /* Resources */,
			);
			buildRules = (
			);
			dependencies = (
			);
			name = JSONRESTful;
			productName = JSONRESTful;
			productReference = 49B4FAFC2680084600E63522 /* JSONRESTful.app */;
			productType = "com.apple.product-type.application";
		};
/* End PBXNativeTarget section */

/* Begin PBXProject section */
		49B4FAF42680084600E63522 /* Project object */ = {
			isa = PBXProject;
			attributes = {
				LastSwiftUpdateCheck = 1130;
				LastUpgradeCheck = 1130;
				ORGANIZATIONNAME = "David Alejo";
				TargetAttributes = {
					49B4FAFB2680084600E63522 = {
						CreatedOnToolsVersion = 11.3.1;
					};
				};
			};
			buildConfigurationList = 49B4FAF72680084600E63522 /* Build configuration list for PBXProject "JSONRESTful" */;
			compatibilityVersion = "Xcode 9.3";
			developmentRegion = en;
			hasScannedForEncodings = 0;
			knownRegions = (
				en,
				Base,
			);
			mainGroup = 49B4FAF32680084600E63522;
			productRefGroup = 49B4FAFD2680084600E63522 /* Products */;
			projectDirPath = "";
			projectRoot = "";
			targets = (
				49B4FAFB2680084600E63522 /* JSONRESTful */,
			);
		};
/* End PBXProject section */

/* Begin PBXResourcesBuildPhase section */
		49B4FAFA2680084600E63522 /* Resources */ = {
			isa = PBXResourcesBuildPhase;
			buildActionMask = 2147483647;
			files = (
				49B4FB0F2680084F00E63522 /* LaunchScreen.storyboard in Resources */,
				49B4FB0C2680084F00E63522 /* Assets.xcassets in Resources */,
				49B4FB072680084600E63522 /* Main.storyboard in Resources */,
			);
			runOnlyForDeploymentPostprocessing = 0;
		};
/* End PBXResourcesBuildPhase section */

/* Begin PBXSourcesBuildPhase section */
		49B4FAF82680084600E63522 /* Sources */ = {
			isa = PBXSourcesBuildPhase;
			buildActionMask = 2147483647;
			files = (
				49B4FB042680084600E63522 /* ViewController.swift in Sources */,
				490A5BD52680EB2A00AB0430 /* viewControllerEditarPerfil.swift in Sources */,
				49B4FB002680084600E63522 /* AppDelegate.swift in Sources */,
				49B4FB1926801A6900E63522 /* viewControllerBuscar.swift in Sources */,
				49B4FB1726800A7C00E63522 /* Users.swift in Sources */,
				49B4FB022680084600E63522 /* SceneDelegate.swift in Sources */,
				49B4FB0A2680084600E63522 /* JSONRESTful.xcdatamodeld in Sources */,
				49B4FB1D2680256900E63522 /* viewControllerAgregar.swift in Sources */,
				49B4FB1B26801AE100E63522 /* Peliculas.swift in Sources */,
			);
			runOnlyForDeploymentPostprocessing = 0;
		};
/* End PBXSourcesBuildPhase section */

/* Begin PBXVariantGroup section */
		49B4FB052680084600E63522 /* Main.storyboard */ = {
			isa = PBXVariantGroup;
			children = (
				49B4FB062680084600E63522 /* Base */,
			);
			name = Main.storyboard;
			sourceTree = "<group>";
		};
		49B4FB0D2680084F00E63522 /* LaunchScreen.storyboard */ = {
			isa = PBXVariantGroup;
			children = (
				49B4FB0E2680084F00E63522 /* Base */,
			);
			name = LaunchScreen.storyboard;
			sourceTree = "<group>";
		};
/* End PBXVariantGroup section */

/* Begin XCBuildConfiguration section */
		49B4FB112680084F00E63522 /* Debug */ = {
			isa = XCBuildConfiguration;
			buildSettings = {
				ALWAYS_SEARCH_USER_PATHS = NO;
				CLANG_ANALYZER_NONNULL = YES;
				CLANG_ANALYZER_NUMBER_OBJECT_CONVERSION = YES_AGGRESSIVE;
				CLANG_CXX_LANGUAGE_STANDARD = "gnu++14";
				CLANG_CXX_LIBRARY = "libc++";
				CLANG_ENABLE_MODULES = YES;
				CLANG_ENABLE_OBJC_ARC = YES;
				CLANG_ENABLE_OBJC_WEAK = YES;
				CLANG_WARN_BLOCK_CAPTURE_AUTORELEASING = YES;
				CLANG_WARN_BOOL_CONVERSION = YES;
				CLANG_WARN_COMMA = YES;
				CLANG_WARN_CONSTANT_CONVERSION = YES;
				CLANG_WARN_DEPRECATED_OBJC_IMPLEMENTATIONS = YES;
				CLANG_WARN_DIRECT_OBJC_ISA_USAGE = YES_ERROR;
				CLANG_WARN_DOCUMENTATION_COMMENTS = YES;
				CLANG_WARN_EMPTY_BODY = YES;
				CLANG_WARN_ENUM_CONVERSION = YES;
				CLANG_WARN_INFINITE_RECURSION = YES;
				CLANG_WARN_INT_CONVERSION = YES;
				CLANG_WARN_NON_LITERAL_NULL_CONVERSION = YES;
				CLANG_WARN_OBJC_IMPLICIT_RETAIN_SELF = YES;
				CLANG_WARN_OBJC_LITERAL_CONVERSION = YES;
				CLANG_WARN_OBJC_ROOT_CLASS = YES_ERROR;
				CLANG_WARN_RANGE_LOOP_ANALYSIS = YES;
				CLANG_WARN_STRICT_PROTOTYPES = YES;
				CLANG_WARN_SUSPICIOUS_MOVE = YES;
				CLANG_WARN_UNGUARDED_AVAILABILITY = YES_AGGRESSIVE;
				CLANG_WARN_UNREACHABLE_CODE = YES;
				CLANG_WARN__DUPLICATE_METHOD_MATCH = YES;
				COPY_PHASE_STRIP = NO;
				DEBUG_INFORMATION_FORMAT = dwarf;
				ENABLE_STRICT_OBJC_MSGSEND = YES;
				ENABLE_TESTABILITY = YES;
				GCC_C_LANGUAGE_STANDARD = gnu11;
				GCC_DYNAMIC_NO_PIC = NO;
				GCC_NO_COMMON_BLOCKS = YES;
				GCC_OPTIMIZATION_LEVEL = 0;
				GCC_PREPROCESSOR_DEFINITIONS = (
					"DEBUG=1",
					"$(inherited)",
				);
				GCC_WARN_64_TO_32_BIT_CONVERSION = YES;
				GCC_WARN_ABOUT_RETURN_TYPE = YES_ERROR;
				GCC_WARN_UNDECLARED_SELECTOR = YES;
				GCC_WARN_UNINITIALIZED_AUTOS = YES_AGGRESSIVE;
				GCC_WARN_UNUSED_FUNCTION = YES;
				GCC_WARN_UNUSED_VARIABLE = YES;
				IPHONEOS_DEPLOYMENT_TARGET = 13.2;
				MTL_ENABLE_DEBUG_INFO = INCLUDE_SOURCE;
				MTL_FAST_MATH = YES;
				ONLY_ACTIVE_ARCH = YES;
				SDKROOT = iphoneos;
				SWIFT_ACTIVE_COMPILATION_CONDITIONS = DEBUG;
				SWIFT_OPTIMIZATION_LEVEL = "-Onone";
			};
			name = Debug;
		};
		49B4FB122680084F00E63522 /* Release */ = {
			isa = XCBuildConfiguration;
			buildSettings = {
				ALWAYS_SEARCH_USER_PATHS = NO;
				CLANG_ANALYZER_NONNULL = YES;
				CLANG_ANALYZER_NUMBER_OBJECT_CONVERSION = YES_AGGRESSIVE;
				CLANG_CXX_LANGUAGE_STANDARD = "gnu++14";
				CLANG_CXX_LIBRARY = "libc++";
				CLANG_ENABLE_MODULES = YES;
				CLANG_ENABLE_OBJC_ARC = YES;
				CLANG_ENABLE_OBJC_WEAK = YES;
				CLANG_WARN_BLOCK_CAPTURE_AUTORELEASING = YES;
				CLANG_WARN_BOOL_CONVERSION = YES;
				CLANG_WARN_COMMA = YES;
				CLANG_WARN_CONSTANT_CONVERSION = YES;
				CLANG_WARN_DEPRECATED_OBJC_IMPLEMENTATIONS = YES;
				CLANG_WARN_DIRECT_OBJC_ISA_USAGE = YES_ERROR;
				CLANG_WARN_DOCUMENTATION_COMMENTS = YES;
				CLANG_WARN_EMPTY_BODY = YES;
				CLANG_WARN_ENUM_CONVERSION = YES;
				CLANG_WARN_INFINITE_RECURSION = YES;
				CLANG_WARN_INT_CONVERSION = YES;
				CLANG_WARN_NON_LITERAL_NULL_CONVERSION = YES;
				CLANG_WARN_OBJC_IMPLICIT_RETAIN_SELF = YES;
				CLANG_WARN_OBJC_LITERAL_CONVERSION = YES;
				CLANG_WARN_OBJC_ROOT_CLASS = YES_ERROR;
				CLANG_WARN_RANGE_LOOP_ANALYSIS = YES;
				CLANG_WARN_STRICT_PROTOTYPES = YES;
				CLANG_WARN_SUSPICIOUS_MOVE = YES;
				CLANG_WARN_UNGUARDED_AVAILABILITY = YES_AGGRESSIVE;
				CLANG_WARN_UNREACHABLE_CODE = YES;
				CLANG_WARN__DUPLICATE_METHOD_MATCH = YES;
				COPY_PHASE_STRIP = NO;
				DEBUG_INFORMATION_FORMAT = "dwarf-with-dsym";
				ENABLE_NS_ASSERTIONS = NO;
				ENABLE_STRICT_OBJC_MSGSEND = YES;
				GCC_C_LANGUAGE_STANDARD = gnu11;
				GCC_NO_COMMON_BLOCKS = YES;
				GCC_WARN_64_TO_32_BIT_CONVERSION = YES;
				GCC_WARN_ABOUT_RETURN_TYPE = YES_ERROR;
				GCC_WARN_UNDECLARED_SELECTOR = YES;
				GCC_WARN_UNINITIALIZED_AUTOS = YES_AGGRESSIVE;
				GCC_WARN_UNUSED_FUNCTION = YES;
				GCC_WARN_UNUSED_VARIABLE = YES;
				IPHONEOS_DEPLOYMENT_TARGET = 13.2;
				MTL_ENABLE_DEBUG_INFO = NO;
				MTL_FAST_MATH = YES;
				SDKROOT = iphoneos;
				SWIFT_COMPILATION_MODE = wholemodule;
				SWIFT_OPTIMIZATION_LEVEL = "-O";
				VALIDATE_PRODUCT = YES;
			};
			name = Release;
		};
		49B4FB142680084F00E63522 /* Debug */ = {
			isa = XCBuildConfiguration;
			buildSettings = {
				ASSETCATALOG_COMPILER_APPICON_NAME = AppIcon;
				CODE_SIGN_STYLE = Automatic;
				INFOPLIST_FILE = JSONRESTful/Info.plist;
				LD_RUNPATH_SEARCH_PATHS = (
					"$(inherited)",
					"@executable_path/Frameworks",
				);
				PRODUCT_BUNDLE_IDENTIFIER = com.David.JSONRESTful;
				PRODUCT_NAME = "$(TARGET_NAME)";
				SWIFT_VERSION = 5.0;
				TARGETED_DEVICE_FAMILY = "1,2";
			};
			name = Debug;
		};
		49B4FB152680084F00E63522 /* Release */ = {
			isa = XCBuildConfiguration;
			buildSettings = {
				ASSETCATALOG_COMPILER_APPICON_NAME = AppIcon;
				CODE_SIGN_STYLE = Automatic;
				INFOPLIST_FILE = JSONRESTful/Info.plist;
				LD_RUNPATH_SEARCH_PATHS = (
					"$(inherited)",
					"@executable_path/Frameworks",
				);
				PRODUCT_BUNDLE_IDENTIFIER = com.David.JSONRESTful;
				PRODUCT_NAME = "$(TARGET_NAME)";
				SWIFT_VERSION = 5.0;
				TARGETED_DEVICE_FAMILY = "1,2";
			};
			name = Release;
		};
/* End XCBuildConfiguration section */

/* Begin XCConfigurationList section */
		49B4FAF72680084600E63522 /* Build configuration list for PBXProject "JSONRESTful" */ = {
			isa = XCConfigurationList;
			buildConfigurations = (
				49B4FB112680084F00E63522 /* Debug */,
				49B4FB122680084F00E63522 /* Release */,
			);
			defaultConfigurationIsVisible = 0;
			defaultConfigurationName = Release;
		};
		49B4FB132680084F00E63522 /* Build configuration list for PBXNativeTarget "JSONRESTful" */ = {
			isa = XCConfigurationList;
			buildConfigurations = (
				49B4FB142680084F00E63522 /* Debug */,
				49B4FB152680084F00E63522 /* Release */,
			);
			defaultConfigurationIsVisible = 0;
			defaultConfigurationName = Release;
		};
/* End XCConfigurationList section */

/* Begin XCVersionGroup section */
		49B4FB082680084600E63522 /* JSONRESTful.xcdatamodeld */ = {
			isa = XCVersionGroup;
			children = (
				49B4FB092680084600E63522 /* JSONRESTful.xcdatamodel */,
			);
			currentVersion = 49B4FB092680084600E63522 /* JSONRESTful.xcdatamodel */;
			path = JSONRESTful.xcdatamodeld;
			sourceTree = "<group>";
			versionGroupType = wrapper.xcdatamodel;
		};
/* End XCVersionGroup section */
	};
	rootObject = 49B4FAF42680084600E63522 /* Project object */;
}
